// !$*UTF8*$!
{
	archiveVersion = 1;
	classes = {
	};
	objectVersion = 50;
	objects = {

/* Begin PBXBuildFile section */
		8002F5BD2A33C71B007C0695 /* ContributorsListVM.swift in Sources */ = {isa = PBXBuildFile; fileRef = 8002F5BC2A33C71B007C0695 /* ContributorsListVM.swift */; };
		8002F5BF2A349F8A007C0695 /* ContributorInfoCellVM.swift in Sources */ = {isa = PBXBuildFile; fileRef = 8002F5BE2A349F8A007C0695 /* ContributorInfoCellVM.swift */; };
		803258E82653B3E400122F59 /* AppDelegate.swift in Sources */ = {isa = PBXBuildFile; fileRef = 803258E72653B3E400122F59 /* AppDelegate.swift */; };
		803258EA2653B3E400122F59 /* SceneDelegate.swift in Sources */ = {isa = PBXBuildFile; fileRef = 803258E92653B3E400122F59 /* SceneDelegate.swift */; };
		803258EF2653B3E400122F59 /* Main.storyboard in Resources */ = {isa = PBXBuildFile; fileRef = 803258ED2653B3E400122F59 /* Main.storyboard */; };
		803258F12653B3E500122F59 /* Assets.xcassets in Resources */ = {isa = PBXBuildFile; fileRef = 803258F02653B3E500122F59 /* Assets.xcassets */; };
		803258F42653B3E500122F59 /* LaunchScreen.storyboard in Resources */ = {isa = PBXBuildFile; fileRef = 803258F22653B3E500122F59 /* LaunchScreen.storyboard */; };
		803258FD2653B5E200122F59 /* ContributorInfo.swift in Sources */ = {isa = PBXBuildFile; fileRef = 803258FC2653B5E200122F59 /* ContributorInfo.swift */; };
		803259012653BC5200122F59 /* ContributorsListVC.swift in Sources */ = {isa = PBXBuildFile; fileRef = 803259002653BC5200122F59 /* ContributorsListVC.swift */; };
		803259052653BC9800122F59 /* ContributorDetailVC.swift in Sources */ = {isa = PBXBuildFile; fileRef = 803259042653BC9800122F59 /* ContributorDetailVC.swift */; };
		803259082653C1EE00122F59 /* ContributorInfoCell.swift in Sources */ = {isa = PBXBuildFile; fileRef = 803259072653C1EE00122F59 /* ContributorInfoCell.swift */; };
		8032590A2653E94200122F59 /* ImageFetchingService.swift in Sources */ = {isa = PBXBuildFile; fileRef = 803259092653E94200122F59 /* ImageFetchingService.swift */; };
		8032590C2653E99C00122F59 /* ImageCache.swift in Sources */ = {isa = PBXBuildFile; fileRef = 8032590B2653E99C00122F59 /* ImageCache.swift */; };
		8032590F2654328F00122F59 /* PushAnimator.swift in Sources */ = {isa = PBXBuildFile; fileRef = 8032590E2654328F00122F59 /* PushAnimator.swift */; };
		803259132654383700122F59 /* ContributorsNetworkClient.swift in Sources */ = {isa = PBXBuildFile; fileRef = 803259122654383700122F59 /* ContributorsNetworkClient.swift */; };
		8032591A2654481A00122F59 /* ShowAlertProtocol.swift in Sources */ = {isa = PBXBuildFile; fileRef = 803259192654481A00122F59 /* ShowAlertProtocol.swift */; };
/* End PBXBuildFile section */

/* Begin PBXFileReference section */
		8002F5BC2A33C71B007C0695 /* ContributorsListVM.swift */ = {isa = PBXFileReference; lastKnownFileType = sourcecode.swift; path = ContributorsListVM.swift; sourceTree = "<group>"; };
		8002F5BE2A349F8A007C0695 /* ContributorInfoCellVM.swift */ = {isa = PBXFileReference; lastKnownFileType = sourcecode.swift; path = ContributorInfoCellVM.swift; sourceTree = "<group>"; };
		803258E42653B3E400122F59 /* GitHubContributorsList.app */ = {isa = PBXFileReference; explicitFileType = wrapper.application; includeInIndex = 0; path = GitHubContributorsList.app; sourceTree = BUILT_PRODUCTS_DIR; };
		803258E72653B3E400122F59 /* AppDelegate.swift */ = {isa = PBXFileReference; lastKnownFileType = sourcecode.swift; path = AppDelegate.swift; sourceTree = "<group>"; };
		803258E92653B3E400122F59 /* SceneDelegate.swift */ = {isa = PBXFileReference; lastKnownFileType = sourcecode.swift; path = SceneDelegate.swift; sourceTree = "<group>"; };
		803258EE2653B3E400122F59 /* Base */ = {isa = PBXFileReference; lastKnownFileType = file.storyboard; name = Base; path = Base.lproj/Main.storyboard; sourceTree = "<group>"; };
		803258F02653B3E500122F59 /* Assets.xcassets */ = {isa = PBXFileReference; lastKnownFileType = folder.assetcatalog; path = Assets.xcassets; sourceTree = "<group>"; };
		803258F32653B3E500122F59 /* Base */ = {isa = PBXFileReference; lastKnownFileType = file.storyboard; name = Base; path = Base.lproj/LaunchScreen.storyboard; sourceTree = "<group>"; };
		803258F52653B3E500122F59 /* Info.plist */ = {isa = PBXFileReference; lastKnownFileType = text.plist.xml; path = Info.plist; sourceTree = "<group>"; };
		803258FC2653B5E200122F59 /* ContributorInfo.swift */ = {isa = PBXFileReference; lastKnownFileType = sourcecode.swift; path = ContributorInfo.swift; sourceTree = "<group>"; };
		803259002653BC5200122F59 /* ContributorsListVC.swift */ = {isa = PBXFileReference; lastKnownFileType = sourcecode.swift; path = ContributorsListVC.swift; sourceTree = "<group>"; };
		803259042653BC9800122F59 /* ContributorDetailVC.swift */ = {isa = PBXFileReference; lastKnownFileType = sourcecode.swift; path = ContributorDetailVC.swift; sourceTree = "<group>"; };
		803259072653C1EE00122F59 /* ContributorInfoCell.swift */ = {isa = PBXFileReference; lastKnownFileType = sourcecode.swift; path = ContributorInfoCell.swift; sourceTree = "<group>"; };
		803259092653E94200122F59 /* ImageFetchingService.swift */ = {isa = PBXFileReference; lastKnownFileType = sourcecode.swift; path = ImageFetchingService.swift; sourceTree = "<group>"; };
		8032590B2653E99C00122F59 /* ImageCache.swift */ = {isa = PBXFileReference; lastKnownFileType = sourcecode.swift; path = ImageCache.swift; sourceTree = "<group>"; };
		8032590E2654328F00122F59 /* PushAnimator.swift */ = {isa = PBXFileReference; lastKnownFileType = sourcecode.swift; path = PushAnimator.swift; sourceTree = "<group>"; };
		803259122654383700122F59 /* ContributorsNetworkClient.swift */ = {isa = PBXFileReference; lastKnownFileType = sourcecode.swift; path = ContributorsNetworkClient.swift; sourceTree = "<group>"; };
		803259192654481A00122F59 /* ShowAlertProtocol.swift */ = {isa = PBXFileReference; lastKnownFileType = sourcecode.swift; path = ShowAlertProtocol.swift; sourceTree = "<group>"; };
/* End PBXFileReference section */

/* Begin PBXFrameworksBuildPhase section */
		803258E12653B3E400122F59 /* Frameworks */ = {
			isa = PBXFrameworksBuildPhase;
			buildActionMask = 2147483647;
			files = (
			);
			runOnlyForDeploymentPostprocessing = 0;
		};
/* End PBXFrameworksBuildPhase section */

/* Begin PBXGroup section */
		803258DB2653B3E400122F59 = {
			isa = PBXGroup;
			children = (
				803258E62653B3E400122F59 /* GitHubContributorsList */,
				803258E52653B3E400122F59 /* Products */,
			);
			sourceTree = "<group>";
		};
		803258E52653B3E400122F59 /* Products */ = {
			isa = PBXGroup;
			children = (
				803258E42653B3E400122F59 /* GitHubContributorsList.app */,
			);
			name = Products;
			sourceTree = "<group>";
		};
		803258E62653B3E400122F59 /* GitHubContributorsList */ = {
			isa = PBXGroup;
			children = (
				803258FF2653B82600122F59 /* Representation Layer */,
				803258FE2653B81900122F59 /* Logic Layer */,
				803258FB2653B5C100122F59 /* Model */,
				803258E72653B3E400122F59 /* AppDelegate.swift */,
				803258E92653B3E400122F59 /* SceneDelegate.swift */,
				803258ED2653B3E400122F59 /* Main.storyboard */,
				803258F02653B3E500122F59 /* Assets.xcassets */,
				803258F22653B3E500122F59 /* LaunchScreen.storyboard */,
				803258F52653B3E500122F59 /* Info.plist */,
			);
			path = GitHubContributorsList;
			sourceTree = "<group>";
		};
		803258FB2653B5C100122F59 /* Model */ = {
			isa = PBXGroup;
			children = (
				803258FC2653B5E200122F59 /* ContributorInfo.swift */,
			);
			path = Model;
			sourceTree = "<group>";
		};
		803258FE2653B81900122F59 /* Logic Layer */ = {
			isa = PBXGroup;
			children = (
				8032590B2653E99C00122F59 /* ImageCache.swift */,
				803259092653E94200122F59 /* ImageFetchingService.swift */,
				803259122654383700122F59 /* ContributorsNetworkClient.swift */,
			);
			path = "Logic Layer";
			sourceTree = "<group>";
		};
		803258FF2653B82600122F59 /* Representation Layer */ = {
			isa = PBXGroup;
			children = (
				80325918265447F500122F59 /* Common */,
				8032590D2654326F00122F59 /* Transition Animations */,
				803259022653BC5800122F59 /* Contributors List Module */,
				803259032653BC6F00122F59 /* Contributor Detail Module */,
			);
			path = "Representation Layer";
			sourceTree = "<group>";
		};
		803259022653BC5800122F59 /* Contributors List Module */ = {
			isa = PBXGroup;
			children = (
				803259062653C1DB00122F59 /* Subviews */,
				803259002653BC5200122F59 /* ContributorsListVC.swift */,
				8002F5BC2A33C71B007C0695 /* ContributorsListVM.swift */,
			);
			path = "Contributors List Module";
			sourceTree = "<group>";
		};
		803259032653BC6F00122F59 /* Contributor Detail Module */ = {
			isa = PBXGroup;
			children = (
				803259042653BC9800122F59 /* ContributorDetailVC.swift */,
			);
			path = "Contributor Detail Module";
			sourceTree = "<group>";
		};
		803259062653C1DB00122F59 /* Subviews */ = {
			isa = PBXGroup;
			children = (
				803259072653C1EE00122F59 /* ContributorInfoCell.swift */,
				8002F5BE2A349F8A007C0695 /* ContributorInfoCellVM.swift */,
			);
			path = Subviews;
			sourceTree = "<group>";
		};
		8032590D2654326F00122F59 /* Transition Animations */ = {
			isa = PBXGroup;
			children = (
				8032590E2654328F00122F59 /* PushAnimator.swift */,
			);
			path = "Transition Animations";
			sourceTree = "<group>";
		};
		80325918265447F500122F59 /* Common */ = {
			isa = PBXGroup;
			children = (
				803259192654481A00122F59 /* ShowAlertProtocol.swift */,
			);
			path = Common;
			sourceTree = "<group>";
		};
/* End PBXGroup section */

/* Begin PBXNativeTarget section */
		803258E32653B3E400122F59 /* GitHubContributorsList */ = {
			isa = PBXNativeTarget;
			buildConfigurationList = 803258F82653B3E500122F59 /* Build configuration list for PBXNativeTarget "GitHubContributorsList" */;
			buildPhases = (
				803258E02653B3E400122F59 /* Sources */,
				803258E12653B3E400122F59 /* Frameworks */,
				803258E22653B3E400122F59 /* Resources */,
			);
			buildRules = (
			);
			dependencies = (
			);
			name = GitHubContributorsList;
			productName = GitHubContributorsList;
			productReference = 803258E42653B3E400122F59 /* GitHubContributorsList.app */;
			productType = "com.apple.product-type.application";
		};
/* End PBXNativeTarget section */

/* Begin PBXProject section */
		803258DC2653B3E400122F59 /* Project object */ = {
			isa = PBXProject;
			attributes = {
				LastSwiftUpdateCheck = 1250;
				LastUpgradeCheck = 1250;
				TargetAttributes = {
					803258E32653B3E400122F59 = {
						CreatedOnToolsVersion = 12.5;
					};
				};
			};
			buildConfigurationList = 803258DF2653B3E400122F59 /* Build configuration list for PBXProject "GitHubContributorsList" */;
			compatibilityVersion = "Xcode 9.3";
			developmentRegion = en;
			hasScannedForEncodings = 0;
			knownRegions = (
				en,
				Base,
			);
			mainGroup = 803258DB2653B3E400122F59;
			productRefGroup = 803258E52653B3E400122F59 /* Products */;
			projectDirPath = "";
			projectRoot = "";
			targets = (
				803258E32653B3E400122F59 /* GitHubContributorsList */,
			);
		};
/* End PBXProject section */

/* Begin PBXResourcesBuildPhase section */
		803258E22653B3E400122F59 /* Resources */ = {
			isa = PBXResourcesBuildPhase;
			buildActionMask = 2147483647;
			files = (
				803258F42653B3E500122F59 /* LaunchScreen.storyboard in Resources */,
				803258F12653B3E500122F59 /* Assets.xcassets in Resources */,
				803258EF2653B3E400122F59 /* Main.storyboard in Resources */,
			);
			runOnlyForDeploymentPostprocessing = 0;
		};
/* End PBXResourcesBuildPhase section */

/* Begin PBXSourcesBuildPhase section */
		803258E02653B3E400122F59 /* Sources */ = {
			isa = PBXSourcesBuildPhase;
			buildActionMask = 2147483647;
			files = (
				803258E82653B3E400122F59 /* AppDelegate.swift in Sources */,
				8032591A2654481A00122F59 /* ShowAlertProtocol.swift in Sources */,
				8002F5BD2A33C71B007C0695 /* ContributorsListVM.swift in Sources */,
				803258EA2653B3E400122F59 /* SceneDelegate.swift in Sources */,
				8002F5BF2A349F8A007C0695 /* ContributorInfoCellVM.swift in Sources */,
				8032590C2653E99C00122F59 /* ImageCache.swift in Sources */,
				803259052653BC9800122F59 /* ContributorDetailVC.swift in Sources */,
				803259132654383700122F59 /* ContributorsNetworkClient.swift in Sources */,
				803258FD2653B5E200122F59 /* ContributorInfo.swift in Sources */,
				8032590A2653E94200122F59 /* ImageFetchingService.swift in Sources */,
				803259012653BC5200122F59 /* ContributorsListVC.swift in Sources */,
				8032590F2654328F00122F59 /* PushAnimator.swift in Sources */,
				803259082653C1EE00122F59 /* ContributorInfoCell.swift in Sources */,
			);
			runOnlyForDeploymentPostprocessing = 0;
		};
/* End PBXSourcesBuildPhase section */

/* Begin PBXVariantGroup section */
		803258ED2653B3E400122F59 /* Main.storyboard */ = {
			isa = PBXVariantGroup;
			children = (
				803258EE2653B3E400122F59 /* Base */,
			);
			name = Main.storyboard;
			sourceTree = "<group>";
		};
		803258F22653B3E500122F59 /* LaunchScreen.storyboard */ = {
			isa = PBXVariantGroup;
			children = (
				803258F32653B3E500122F59 /* Base */,
			);
			name = LaunchScreen.storyboard;
			sourceTree = "<group>";
		};
/* End PBXVariantGroup section */

/* Begin XCBuildConfiguration section */
		803258F62653B3E500122F59 /* Debug */ = {
			isa = XCBuildConfiguration;
			buildSettings = {
				ALWAYS_SEARCH_USER_PATHS = NO;
				CLANG_ANALYZER_NONNULL = YES;
				CLANG_ANALYZER_NUMBER_OBJECT_CONVERSION = YES_AGGRESSIVE;
				CLANG_CXX_LANGUAGE_STANDARD = "gnu++14";
				CLANG_CXX_LIBRARY = "libc++";
				CLANG_ENABLE_MODULES = YES;
				CLANG_ENABLE_OBJC_ARC = YES;
				CLANG_ENABLE_OBJC_WEAK = YES;
				CLANG_WARN_BLOCK_CAPTURE_AUTORELEASING = YES;
				CLANG_WARN_BOOL_CONVERSION = YES;
				CLANG_WARN_COMMA = YES;
				CLANG_WARN_CONSTANT_CONVERSION = YES;
				CLANG_WARN_DEPRECATED_OBJC_IMPLEMENTATIONS = YES;
				CLANG_WARN_DIRECT_OBJC_ISA_USAGE = YES_ERROR;
				CLANG_WARN_DOCUMENTATION_COMMENTS = YES;
				CLANG_WARN_EMPTY_BODY = YES;
				CLANG_WARN_ENUM_CONVERSION = YES;
				CLANG_WARN_INFINITE_RECURSION = YES;
				CLANG_WARN_INT_CONVERSION = YES;
				CLANG_WARN_NON_LITERAL_NULL_CONVERSION = YES;
				CLANG_WARN_OBJC_IMPLICIT_RETAIN_SELF = YES;
				CLANG_WARN_OBJC_LITERAL_CONVERSION = YES;
				CLANG_WARN_OBJC_ROOT_CLASS = YES_ERROR;
				CLANG_WARN_QUOTED_INCLUDE_IN_FRAMEWORK_HEADER = YES;
				CLANG_WARN_RANGE_LOOP_ANALYSIS = YES;
				CLANG_WARN_STRICT_PROTOTYPES = YES;
				CLANG_WARN_SUSPICIOUS_MOVE = YES;
				CLANG_WARN_UNGUARDED_AVAILABILITY = YES_AGGRESSIVE;
				CLANG_WARN_UNREACHABLE_CODE = YES;
				CLANG_WARN__DUPLICATE_METHOD_MATCH = YES;
				COPY_PHASE_STRIP = NO;
				DEBUG_INFORMATION_FORMAT = dwarf;
				ENABLE_STRICT_OBJC_MSGSEND = YES;
				ENABLE_TESTABILITY = YES;
				GCC_C_LANGUAGE_STANDARD = gnu11;
				GCC_DYNAMIC_NO_PIC = NO;
				GCC_NO_COMMON_BLOCKS = YES;
				GCC_OPTIMIZATION_LEVEL = 0;
				GCC_PREPROCESSOR_DEFINITIONS = (
					"DEBUG=1",
					"$(inherited)",
				);
				GCC_WARN_64_TO_32_BIT_CONVERSION = YES;
				GCC_WARN_ABOUT_RETURN_TYPE = YES_ERROR;
				GCC_WARN_UNDECLARED_SELECTOR = YES;
				GCC_WARN_UNINITIALIZED_AUTOS = YES_AGGRESSIVE;
				GCC_WARN_UNUSED_FUNCTION = YES;
				GCC_WARN_UNUSED_VARIABLE = YES;
				IPHONEOS_DEPLOYMENT_TARGET = 14.5;
				MTL_ENABLE_DEBUG_INFO = INCLUDE_SOURCE;
				MTL_FAST_MATH = YES;
				ONLY_ACTIVE_ARCH = YES;
				SDKROOT = iphoneos;
				SWIFT_ACTIVE_COMPILATION_CONDITIONS = DEBUG;
				SWIFT_OPTIMIZATION_LEVEL = "-Onone";
			};
			name = Debug;
		};
		803258F72653B3E500122F59 /* Release */ = {
			isa = XCBuildConfiguration;
			buildSettings = {
				ALWAYS_SEARCH_USER_PATHS = NO;
				CLANG_ANALYZER_NONNULL = YES;
				CLANG_ANALYZER_NUMBER_OBJECT_CONVERSION = YES_AGGRESSIVE;
				CLANG_CXX_LANGUAGE_STANDARD = "gnu++14";
				CLANG_CXX_LIBRARY = "libc++";
				CLANG_ENABLE_MODULES = YES;
				CLANG_ENABLE_OBJC_ARC = YES;
				CLANG_ENABLE_OBJC_WEAK = YES;
				CLANG_WARN_BLOCK_CAPTURE_AUTORELEASING = YES;
				CLANG_WARN_BOOL_CONVERSION = YES;
				CLANG_WARN_COMMA = YES;
				CLANG_WARN_CONSTANT_CONVERSION = YES;
				CLANG_WARN_DEPRECATED_OBJC_IMPLEMENTATIONS = YES;
				CLANG_WARN_DIRECT_OBJC_ISA_USAGE = YES_ERROR;
				CLANG_WARN_DOCUMENTATION_COMMENTS = YES;
				CLANG_WARN_EMPTY_BODY = YES;
				CLANG_WARN_ENUM_CONVERSION = YES;
				CLANG_WARN_INFINITE_RECURSION = YES;
				CLANG_WARN_INT_CONVERSION = YES;
				CLANG_WARN_NON_LITERAL_NULL_CONVERSION = YES;
				CLANG_WARN_OBJC_IMPLICIT_RETAIN_SELF = YES;
				CLANG_WARN_OBJC_LITERAL_CONVERSION = YES;
				CLANG_WARN_OBJC_ROOT_CLASS = YES_ERROR;
				CLANG_WARN_QUOTED_INCLUDE_IN_FRAMEWORK_HEADER = YES;
				CLANG_WARN_RANGE_LOOP_ANALYSIS = YES;
				CLANG_WARN_STRICT_PROTOTYPES = YES;
				CLANG_WARN_SUSPICIOUS_MOVE = YES;
				CLANG_WARN_UNGUARDED_AVAILABILITY = YES_AGGRESSIVE;
				CLANG_WARN_UNREACHABLE_CODE = YES;
				CLANG_WARN__DUPLICATE_METHOD_MATCH = YES;
				COPY_PHASE_STRIP = NO;
				DEBUG_INFORMATION_FORMAT = "dwarf-with-dsym";
				ENABLE_NS_ASSERTIONS = NO;
				ENABLE_STRICT_OBJC_MSGSEND = YES;
				GCC_C_LANGUAGE_STANDARD = gnu11;
				GCC_NO_COMMON_BLOCKS = YES;
				GCC_WARN_64_TO_32_BIT_CONVERSION = YES;
				GCC_WARN_ABOUT_RETURN_TYPE = YES_ERROR;
				GCC_WARN_UNDECLARED_SELECTOR = YES;
				GCC_WARN_UNINITIALIZED_AUTOS = YES_AGGRESSIVE;
				GCC_WARN_UNUSED_FUNCTION = YES;
				GCC_WARN_UNUSED_VARIABLE = YES;
				IPHONEOS_DEPLOYMENT_TARGET = 14.5;
				MTL_ENABLE_DEBUG_INFO = NO;
				MTL_FAST_MATH = YES;
				SDKROOT = iphoneos;
				SWIFT_COMPILATION_MODE = wholemodule;
				SWIFT_OPTIMIZATION_LEVEL = "-O";
				VALIDATE_PRODUCT = YES;
			};
			name = Release;
		};
		803258F92653B3E500122F59 /* Debug */ = {
			isa = XCBuildConfiguration;
			buildSettings = {
				ASSETCATALOG_COMPILER_APPICON_NAME = AppIcon;
				ASSETCATALOG_COMPILER_GLOBAL_ACCENT_COLOR_NAME = AccentColor;
				CODE_SIGN_STYLE = Automatic;
				DEVELOPMENT_TEAM = G3R2W5SH54;
				INFOPLIST_FILE = GitHubContributorsList/Info.plist;
				LD_RUNPATH_SEARCH_PATHS = (
					"$(inherited)",
					"@executable_path/Frameworks",
				);
				PRODUCT_BUNDLE_IDENTIFIER = com.portweinson.GitHubContributorsList;
				PRODUCT_NAME = "$(TARGET_NAME)";
				SWIFT_VERSION = 5.0;
				TARGETED_DEVICE_FAMILY = "1,2";
			};
			name = Debug;
		};
		803258FA2653B3E500122F59 /* Release */ = {
			isa = XCBuildConfiguration;
			buildSettings = {
				ASSETCATALOG_COMPILER_APPICON_NAME = AppIcon;
				ASSETCATALOG_COMPILER_GLOBAL_ACCENT_COLOR_NAME = AccentColor;
				CODE_SIGN_STYLE = Automatic;
				DEVELOPMENT_TEAM = G3R2W5SH54;
				INFOPLIST_FILE = GitHubContributorsList/Info.plist;
				LD_RUNPATH_SEARCH_PATHS = (
					"$(inherited)",
					"@executable_path/Frameworks",
				);
				PRODUCT_BUNDLE_IDENTIFIER = com.portweinson.GitHubContributorsList;
				PRODUCT_NAME = "$(TARGET_NAME)";
				SWIFT_VERSION = 5.0;
				TARGETED_DEVICE_FAMILY = "1,2";
			};
			name = Release;
		};
/* End XCBuildConfiguration section */

/* Begin XCConfigurationList section */
		803258DF2653B3E400122F59 /* Build configuration list for PBXProject "GitHubContributorsList" */ = {
			isa = XCConfigurationList;
			buildConfigurations = (
				803258F62653B3E500122F59 /* Debug */,
				803258F72653B3E500122F59 /* Release */,
			);
			defaultConfigurationIsVisible = 0;
			defaultConfigurationName = Release;
		};
		803258F82653B3E500122F59 /* Build configuration list for PBXNativeTarget "GitHubContributorsList" */ = {
			isa = XCConfigurationList;
			buildConfigurations = (
				803258F92653B3E500122F59 /* Debug */,
				803258FA2653B3E500122F59 /* Release */,
			);
			defaultConfigurationIsVisible = 0;
			defaultConfigurationName = Release;
		};
/* End XCConfigurationList section */
	};
	rootObject = 803258DC2653B3E400122F59 /* Project object */;
}
